
Microsoft Visual Studio Solution File, Format Version 12.00
# Visual Studio Version 17
VisualStudioVersion = 17.14.36804.6 d17.14
MinimumVisualStudioVersion = 10.0.40219.1
Project("{FAE04EC0-301F-11D3-BF4B-00C04F79EFBC}") = "frontEnd", "GassLivery-Kelompok7\frontEnd.csproj", "{67824C38-0C1B-44BF-9DD7-40D0019C3A9C}"
EndProject
Project("{FAE04EC0-301F-11D3-BF4B-00C04F79EFBC}") = "backend_lib", "backend_lib\backend_lib.csproj", "{C6FD1A1E-3444-4A27-A267-B7D85F5690E4}"
EndProject
Global
	GlobalSection(SolutionConfigurationPlatforms) = preSolution
		Debug|Any CPU = Debug|Any CPU
		Release|Any CPU = Release|Any CPU
	EndGlobalSection
	GlobalSection(ProjectConfigurationPlatforms) = postSolution
		{67824C38-0C1B-44BF-9DD7-40D0019C3A9C}.Debug|Any CPU.ActiveCfg = Debug|Any CPU
		{67824C38-0C1B-44BF-9DD7-40D0019C3A9C}.Debug|Any CPU.Build.0 = Debug|Any CPU
		{67824C38-0C1B-44BF-9DD7-40D0019C3A9C}.Release|Any CPU.ActiveCfg = Release|Any CPU
		{67824C38-0C1B-44BF-9DD7-40D0019C3A9C}.Release|Any CPU.Build.0 = Release|Any CPU
		{C6FD1A1E-3444-4A27-A267-B7D85F5690E4}.Debug|Any CPU.ActiveCfg = Debug|Any CPU
		{C6FD1A1E-3444-4A27-A267-B7D85F5690E4}.Debug|Any CPU.Build.0 = Debug|Any CPU
		{C6FD1A1E-3444-4A27-A267-B7D85F5690E4}.Release|Any CPU.ActiveCfg = Release|Any CPU
		{C6FD1A1E-3444-4A27-A267-B7D85F5690E4}.Release|Any CPU.Build.0 = Release|Any CPU
	EndGlobalSection
	GlobalSection(SolutionProperties) = preSolution
		HideSolutionNode = FALSE
	EndGlobalSection
	GlobalSection(ExtensibilityGlobals) = postSolution
		SolutionGuid = {9DF65261-FC50-4919-B6D9-711AD371FE43}
	EndGlobalSection
EndGlobal
